
Microsoft Visual Studio Solution File, Format Version 12.00
# Visual Studio Version 16
VisualStudioVersion = 16.0.30309.148
MinimumVisualStudioVersion = 10.0.40219.1
Project("{8BC9CEB8-8B4A-11D0-8D11-00A0C91BC942}") = "mf", "mf.vcxproj", "{73E2A65B-33DB-4631-ACDB-465FD5EBE7D5}"
EndProject
Global
	GlobalSection(SolutionConfigurationPlatforms) = preSolution
		DefaultOutput|Win32 = DefaultOutput|Win32
	EndGlobalSection
	GlobalSection(ProjectConfigurationPlatforms) = postSolution
		{73E2A65B-33DB-4631-ACDB-465FD5EBE7D5}.DefaultOutput|Win32.ActiveCfg = DefaultOutput|Win32
		{73E2A65B-33DB-4631-ACDB-465FD5EBE7D5}.DefaultOutput|Win32.Build.0 = DefaultOutput|Win32
	EndGlobalSection
	GlobalSection(SolutionProperties) = preSolution
		HideSolutionNode = FALSE
	EndGlobalSection
	GlobalSection(ExtensibilityGlobals) = postSolution
		SolutionGuid = {C5E90941-AA86-41A2-A311-8559153B4463}
	EndGlobalSection
EndGlobal
